// !$*UTF8*$!
{
	archiveVersion = 1;
	classes = {
	};
	objectVersion = 52;
	objects = {

/* Begin PBXBuildFile section */
		A384FAF72558352D00D7D21D /* AppDelegate.swift in Sources */ = {isa = PBXBuildFile; fileRef = A384FAF62558352D00D7D21D /* AppDelegate.swift */; };
		A384FAF92558352D00D7D21D /* SceneDelegate.swift in Sources */ = {isa = PBXBuildFile; fileRef = A384FAF82558352D00D7D21D /* SceneDelegate.swift */; };
		A384FAFB2558352D00D7D21D /* ViewController.swift in Sources */ = {isa = PBXBuildFile; fileRef = A384FAFA2558352D00D7D21D /* ViewController.swift */; };
		A384FAFE2558352D00D7D21D /* Main.storyboard in Resources */ = {isa = PBXBuildFile; fileRef = A384FAFC2558352D00D7D21D /* Main.storyboard */; };
		A384FB002558352F00D7D21D /* Assets.xcassets in Resources */ = {isa = PBXBuildFile; fileRef = A384FAFF2558352F00D7D21D /* Assets.xcassets */; };
		A384FB032558352F00D7D21D /* LaunchScreen.storyboard in Resources */ = {isa = PBXBuildFile; fileRef = A384FB012558352F00D7D21D /* LaunchScreen.storyboard */; };
		A384FB112558593E00D7D21D /* Alamofire in Frameworks */ = {isa = PBXBuildFile; productRef = A384FB102558593E00D7D21D /* Alamofire */; };
/* End PBXBuildFile section */

/* Begin PBXFileReference section */
		A384FAF32558352D00D7D21D /* WhatIsPackageManager.app */ = {isa = PBXFileReference; explicitFileType = wrapper.application; includeInIndex = 0; path = WhatIsPackageManager.app; sourceTree = BUILT_PRODUCTS_DIR; };
		A384FAF62558352D00D7D21D /* AppDelegate.swift */ = {isa = PBXFileReference; lastKnownFileType = sourcecode.swift; path = AppDelegate.swift; sourceTree = "<group>"; };
		A384FAF82558352D00D7D21D /* SceneDelegate.swift */ = {isa = PBXFileReference; lastKnownFileType = sourcecode.swift; path = SceneDelegate.swift; sourceTree = "<group>"; };
		A384FAFA2558352D00D7D21D /* ViewController.swift */ = {isa = PBXFileReference; lastKnownFileType = sourcecode.swift; path = ViewController.swift; sourceTree = "<group>"; };
		A384FAFD2558352D00D7D21D /* Base */ = {isa = PBXFileReference; lastKnownFileType = file.storyboard; name = Base; path = Base.lproj/Main.storyboard; sourceTree = "<group>"; };
		A384FAFF2558352F00D7D21D /* Assets.xcassets */ = {isa = PBXFileReference; lastKnownFileType = folder.assetcatalog; path = Assets.xcassets; sourceTree = "<group>"; };
		A384FB022558352F00D7D21D /* Base */ = {isa = PBXFileReference; lastKnownFileType = file.storyboard; name = Base; path = Base.lproj/LaunchScreen.storyboard; sourceTree = "<group>"; };
		A384FB042558352F00D7D21D /* Info.plist */ = {isa = PBXFileReference; lastKnownFileType = text.plist.xml; path = Info.plist; sourceTree = "<group>"; };
/* End PBXFileReference section */

/* Begin PBXFrameworksBuildPhase section */
		A384FAF02558352D00D7D21D /* Frameworks */ = {
			isa = PBXFrameworksBuildPhase;
			buildActionMask = 2147483647;
			files = (
				A384FB112558593E00D7D21D /* Alamofire in Frameworks */,
			);
			runOnlyForDeploymentPostprocessing = 0;
		};
/* End PBXFrameworksBuildPhase section */

/* Begin PBXGroup section */
		A384FAEA2558352D00D7D21D = {
			isa = PBXGroup;
			children = (
				A384FAF52558352D00D7D21D /* WhatIsPackageManager */,
				A384FAF42558352D00D7D21D /* Products */,
			);
			sourceTree = "<group>";
		};
		A384FAF42558352D00D7D21D /* Products */ = {
			isa = PBXGroup;
			children = (
				A384FAF32558352D00D7D21D /* WhatIsPackageManager.app */,
			);
			name = Products;
			sourceTree = "<group>";
		};
		A384FAF52558352D00D7D21D /* WhatIsPackageManager */ = {
			isa = PBXGroup;
			children = (
				A384FAF62558352D00D7D21D /* AppDelegate.swift */,
				A384FAF82558352D00D7D21D /* SceneDelegate.swift */,
				A384FAFA2558352D00D7D21D /* ViewController.swift */,
				A384FAFC2558352D00D7D21D /* Main.storyboard */,
				A384FAFF2558352F00D7D21D /* Assets.xcassets */,
				A384FB012558352F00D7D21D /* LaunchScreen.storyboard */,
				A384FB042558352F00D7D21D /* Info.plist */,
			);
			path = WhatIsPackageManager;
			sourceTree = "<group>";
		};
/* End PBXGroup section */

/* Begin PBXNativeTarget section */
		A384FAF22558352D00D7D21D /* WhatIsPackageManager */ = {
			isa = PBXNativeTarget;
			buildConfigurationList = A384FB072558352F00D7D21D /* Build configuration list for PBXNativeTarget "WhatIsPackageManager" */;
			buildPhases = (
				A384FAEF2558352D00D7D21D /* Sources */,
				A384FAF02558352D00D7D21D /* Frameworks */,
				A384FAF12558352D00D7D21D /* Resources */,
			);
			buildRules = (
			);
			dependencies = (
			);
			name = WhatIsPackageManager;
			packageProductDependencies = (
				A384FB102558593E00D7D21D /* Alamofire */,
			);
			productName = WhatIsPackageManager;
			productReference = A384FAF32558352D00D7D21D /* WhatIsPackageManager.app */;
			productType = "com.apple.product-type.application";
		};
/* End PBXNativeTarget section */

/* Begin PBXProject section */
		A384FAEB2558352D00D7D21D /* Project object */ = {
			isa = PBXProject;
			attributes = {
				LastSwiftUpdateCheck = 1200;
				LastUpgradeCheck = 1200;
				TargetAttributes = {
					A384FAF22558352D00D7D21D = {
						CreatedOnToolsVersion = 12.0;
					};
				};
			};
			buildConfigurationList = A384FAEE2558352D00D7D21D /* Build configuration list for PBXProject "WhatIsPackageManager" */;
			compatibilityVersion = "Xcode 9.3";
			developmentRegion = en;
			hasScannedForEncodings = 0;
			knownRegions = (
				en,
				Base,
			);
			mainGroup = A384FAEA2558352D00D7D21D;
			packageReferences = (
				A384FB0F2558593E00D7D21D /* XCRemoteSwiftPackageReference "Alamofire" */,
			);
			productRefGroup = A384FAF42558352D00D7D21D /* Products */;
			projectDirPath = "";
			projectRoot = "";
			targets = (
				A384FAF22558352D00D7D21D /* WhatIsPackageManager */,
			);
		};
/* End PBXProject section */

/* Begin PBXResourcesBuildPhase section */
		A384FAF12558352D00D7D21D /* Resources */ = {
			isa = PBXResourcesBuildPhase;
			buildActionMask = 2147483647;
			files = (
				A384FB032558352F00D7D21D /* LaunchScreen.storyboard in Resources */,
				A384FB002558352F00D7D21D /* Assets.xcassets in Resources */,
				A384FAFE2558352D00D7D21D /* Main.storyboard in Resources */,
			);
			runOnlyForDeploymentPostprocessing = 0;
		};
/* End PBXResourcesBuildPhase section */

/* Begin PBXSourcesBuildPhase section */
		A384FAEF2558352D00D7D21D /* Sources */ = {
			isa = PBXSourcesBuildPhase;
			buildActionMask = 2147483647;
			files = (
				A384FAFB2558352D00D7D21D /* ViewController.swift in Sources */,
				A384FAF72558352D00D7D21D /* AppDelegate.swift in Sources */,
				A384FAF92558352D00D7D21D /* SceneDelegate.swift in Sources */,
			);
			runOnlyForDeploymentPostprocessing = 0;
		};
/* End PBXSourcesBuildPhase section */

/* Begin PBXVariantGroup section */
		A384FAFC2558352D00D7D21D /* Main.storyboard */ = {
			isa = PBXVariantGroup;
			children = (
				A384FAFD2558352D00D7D21D /* Base */,
			);
			name = Main.storyboard;
			sourceTree = "<group>";
		};
		A384FB012558352F00D7D21D /* LaunchScreen.storyboard */ = {
			isa = PBXVariantGroup;
			children = (
				A384FB022558352F00D7D21D /* Base */,
			);
			name = LaunchScreen.storyboard;
			sourceTree = "<group>";
		};
/* End PBXVariantGroup section */

/* Begin XCBuildConfiguration section */
		A384FB052558352F00D7D21D /* Debug */ = {
			isa = XCBuildConfiguration;
			buildSettings = {
				ALWAYS_SEARCH_USER_PATHS = NO;
				CLANG_ANALYZER_NONNULL = YES;
				CLANG_ANALYZER_NUMBER_OBJECT_CONVERSION = YES_AGGRESSIVE;
				CLANG_CXX_LANGUAGE_STANDARD = "gnu++14";
				CLANG_CXX_LIBRARY = "libc++";
				CLANG_ENABLE_MODULES = YES;
				CLANG_ENABLE_OBJC_ARC = YES;
				CLANG_ENABLE_OBJC_WEAK = YES;
				CLANG_WARN_BLOCK_CAPTURE_AUTORELEASING = YES;
				CLANG_WARN_BOOL_CONVERSION = YES;
				CLANG_WARN_COMMA = YES;
				CLANG_WARN_CONSTANT_CONVERSION = YES;
				CLANG_WARN_DEPRECATED_OBJC_IMPLEMENTATIONS = YES;
				CLANG_WARN_DIRECT_OBJC_ISA_USAGE = YES_ERROR;
				CLANG_WARN_DOCUMENTATION_COMMENTS = YES;
				CLANG_WARN_EMPTY_BODY = YES;
				CLANG_WARN_ENUM_CONVERSION = YES;
				CLANG_WARN_INFINITE_RECURSION = YES;
				CLANG_WARN_INT_CONVERSION = YES;
				CLANG_WARN_NON_LITERAL_NULL_CONVERSION = YES;
				CLANG_WARN_OBJC_IMPLICIT_RETAIN_SELF = YES;
				CLANG_WARN_OBJC_LITERAL_CONVERSION = YES;
				CLANG_WARN_OBJC_ROOT_CLASS = YES_ERROR;
				CLANG_WARN_QUOTED_INCLUDE_IN_FRAMEWORK_HEADER = YES;
				CLANG_WARN_RANGE_LOOP_ANALYSIS = YES;
				CLANG_WARN_STRICT_PROTOTYPES = YES;
				CLANG_WARN_SUSPICIOUS_MOVE = YES;
				CLANG_WARN_UNGUARDED_AVAILABILITY = YES_AGGRESSIVE;
				CLANG_WARN_UNREACHABLE_CODE = YES;
				CLANG_WARN__DUPLICATE_METHOD_MATCH = YES;
				COPY_PHASE_STRIP = NO;
				DEBUG_INFORMATION_FORMAT = dwarf;
				ENABLE_STRICT_OBJC_MSGSEND = YES;
				ENABLE_TESTABILITY = YES;
				GCC_C_LANGUAGE_STANDARD = gnu11;
				GCC_DYNAMIC_NO_PIC = NO;
				GCC_NO_COMMON_BLOCKS = YES;
				GCC_OPTIMIZATION_LEVEL = 0;
				GCC_PREPROCESSOR_DEFINITIONS = (
					"DEBUG=1",
					"$(inherited)",
				);
				GCC_WARN_64_TO_32_BIT_CONVERSION = YES;
				GCC_WARN_ABOUT_RETURN_TYPE = YES_ERROR;
				GCC_WARN_UNDECLARED_SELECTOR = YES;
				GCC_WARN_UNINITIALIZED_AUTOS = YES_AGGRESSIVE;
				GCC_WARN_UNUSED_FUNCTION = YES;
				GCC_WARN_UNUSED_VARIABLE = YES;
				IPHONEOS_DEPLOYMENT_TARGET = 14.0;
				MTL_ENABLE_DEBUG_INFO = INCLUDE_SOURCE;
				MTL_FAST_MATH = YES;
				ONLY_ACTIVE_ARCH = YES;
				SDKROOT = iphoneos;
				SWIFT_ACTIVE_COMPILATION_CONDITIONS = DEBUG;
				SWIFT_OPTIMIZATION_LEVEL = "-Onone";
			};
			name = Debug;
		};
		A384FB062558352F00D7D21D /* Release */ = {
			isa = XCBuildConfiguration;
			buildSettings = {
				ALWAYS_SEARCH_USER_PATHS = NO;
				CLANG_ANALYZER_NONNULL = YES;
				CLANG_ANALYZER_NUMBER_OBJECT_CONVERSION = YES_AGGRESSIVE;
				CLANG_CXX_LANGUAGE_STANDARD = "gnu++14";
				CLANG_CXX_LIBRARY = "libc++";
				CLANG_ENABLE_MODULES = YES;
				CLANG_ENABLE_OBJC_ARC = YES;
				CLANG_ENABLE_OBJC_WEAK = YES;
				CLANG_WARN_BLOCK_CAPTURE_AUTORELEASING = YES;
				CLANG_WARN_BOOL_CONVERSION = YES;
				CLANG_WARN_COMMA = YES;
				CLANG_WARN_CONSTANT_CONVERSION = YES;
				CLANG_WARN_DEPRECATED_OBJC_IMPLEMENTATIONS = YES;
				CLANG_WARN_DIRECT_OBJC_ISA_USAGE = YES_ERROR;
				CLANG_WARN_DOCUMENTATION_COMMENTS = YES;
				CLANG_WARN_EMPTY_BODY = YES;
				CLANG_WARN_ENUM_CONVERSION = YES;
				CLANG_WARN_INFINITE_RECURSION = YES;
				CLANG_WARN_INT_CONVERSION = YES;
				CLANG_WARN_NON_LITERAL_NULL_CONVERSION = YES;
				CLANG_WARN_OBJC_IMPLICIT_RETAIN_SELF = YES;
				CLANG_WARN_OBJC_LITERAL_CONVERSION = YES;
				CLANG_WARN_OBJC_ROOT_CLASS = YES_ERROR;
				CLANG_WARN_QUOTED_INCLUDE_IN_FRAMEWORK_HEADER = YES;
				CLANG_WARN_RANGE_LOOP_ANALYSIS = YES;
				CLANG_WARN_STRICT_PROTOTYPES = YES;
				CLANG_WARN_SUSPICIOUS_MOVE = YES;
				CLANG_WARN_UNGUARDED_AVAILABILITY = YES_AGGRESSIVE;
				CLANG_WARN_UNREACHABLE_CODE = YES;
				CLANG_WARN__DUPLICATE_METHOD_MATCH = YES;
				COPY_PHASE_STRIP = NO;
				DEBUG_INFORMATION_FORMAT = "dwarf-with-dsym";
				ENABLE_NS_ASSERTIONS = NO;
				ENABLE_STRICT_OBJC_MSGSEND = YES;
				GCC_C_LANGUAGE_STANDARD = gnu11;
				GCC_NO_COMMON_BLOCKS = YES;
				GCC_WARN_64_TO_32_BIT_CONVERSION = YES;
				GCC_WARN_ABOUT_RETURN_TYPE = YES_ERROR;
				GCC_WARN_UNDECLARED_SELECTOR = YES;
				GCC_WARN_UNINITIALIZED_AUTOS = YES_AGGRESSIVE;
				GCC_WARN_UNUSED_FUNCTION = YES;
				GCC_WARN_UNUSED_VARIABLE = YES;
				IPHONEOS_DEPLOYMENT_TARGET = 14.0;
				MTL_ENABLE_DEBUG_INFO = NO;
				MTL_FAST_MATH = YES;
				SDKROOT = iphoneos;
				SWIFT_COMPILATION_MODE = wholemodule;
				SWIFT_OPTIMIZATION_LEVEL = "-O";
				VALIDATE_PRODUCT = YES;
			};
			name = Release;
		};
		A384FB082558352F00D7D21D /* Debug */ = {
			isa = XCBuildConfiguration;
			buildSettings = {
				ASSETCATALOG_COMPILER_APPICON_NAME = AppIcon;
				ASSETCATALOG_COMPILER_GLOBAL_ACCENT_COLOR_NAME = AccentColor;
				CODE_SIGN_STYLE = Automatic;
				INFOPLIST_FILE = WhatIsPackageManager/Info.plist;
				LD_RUNPATH_SEARCH_PATHS = (
					"$(inherited)",
					"@executable_path/Frameworks",
				);
				PRODUCT_BUNDLE_IDENTIFIER = example.WhatIsPackageManager;
				PRODUCT_NAME = "$(TARGET_NAME)";
				SWIFT_VERSION = 5.0;
				TARGETED_DEVICE_FAMILY = "1,2";
			};
			name = Debug;
		};
		A384FB092558352F00D7D21D /* Release */ = {
			isa = XCBuildConfiguration;
			buildSettings = {
				ASSETCATALOG_COMPILER_APPICON_NAME = AppIcon;
				ASSETCATALOG_COMPILER_GLOBAL_ACCENT_COLOR_NAME = AccentColor;
				CODE_SIGN_STYLE = Automatic;
				INFOPLIST_FILE = WhatIsPackageManager/Info.plist;
				LD_RUNPATH_SEARCH_PATHS = (
					"$(inherited)",
					"@executable_path/Frameworks",
				);
				PRODUCT_BUNDLE_IDENTIFIER = example.WhatIsPackageManager;
				PRODUCT_NAME = "$(TARGET_NAME)";
				SWIFT_VERSION = 5.0;
				TARGETED_DEVICE_FAMILY = "1,2";
			};
			name = Release;
		};
/* End XCBuildConfiguration section */

/* Begin XCConfigurationList section */
		A384FAEE2558352D00D7D21D /* Build configuration list for PBXProject "WhatIsPackageManager" */ = {
			isa = XCConfigurationList;
			buildConfigurations = (
				A384FB052558352F00D7D21D /* Debug */,
				A384FB062558352F00D7D21D /* Release */,
			);
			defaultConfigurationIsVisible = 0;
			defaultConfigurationName = Release;
		};
		A384FB072558352F00D7D21D /* Build configuration list for PBXNativeTarget "WhatIsPackageManager" */ = {
			isa = XCConfigurationList;
			buildConfigurations = (
				A384FB082558352F00D7D21D /* Debug */,
				A384FB092558352F00D7D21D /* Release */,
			);
			defaultConfigurationIsVisible = 0;
			defaultConfigurationName = Release;
		};
/* End XCConfigurationList section */

/* Begin XCRemoteSwiftPackageReference section */
		A384FB0F2558593E00D7D21D /* XCRemoteSwiftPackageReference "Alamofire" */ = {
			isa = XCRemoteSwiftPackageReference;
			repositoryURL = "https://github.com/Alamofire/Alamofire";
			requirement = {
				kind = upToNextMajorVersion;
				minimumVersion = 5.1.0;
			};
		};
/* End XCRemoteSwiftPackageReference section */

/* Begin XCSwiftPackageProductDependency section */
		A384FB102558593E00D7D21D /* Alamofire */ = {
			isa = XCSwiftPackageProductDependency;
			package = A384FB0F2558593E00D7D21D /* XCRemoteSwiftPackageReference "Alamofire" */;
			productName = Alamofire;
		};
/* End XCSwiftPackageProductDependency section */
	};
	rootObject = A384FAEB2558352D00D7D21D /* Project object */;
}
